
Microsoft Visual Studio Solution File, Format Version 12.00
# Visual Studio Version 16
VisualStudioVersion = 16.0.29709.97
MinimumVisualStudioVersion = 10.0.40219.1
Project("{FAE04EC0-301F-11D3-BF4B-00C04F79EFBC}") = "PROSTY_kalkulator_PL", "PROSTY_kalkulator_PL\PROSTY_kalkulator_PL.csproj", "{B1CFA448-F5C6-4FCE-B7F4-78F8BDB893E3}"
EndProject
Global
	GlobalSection(SolutionConfigurationPlatforms) = preSolution
		Debug|Any CPU = Debug|Any CPU
		Release|Any CPU = Release|Any CPU
	EndGlobalSection
	GlobalSection(ProjectConfigurationPlatforms) = postSolution
		{B1CFA448-F5C6-4FCE-B7F4-78F8BDB893E3}.Debug|Any CPU.ActiveCfg = Debug|Any CPU
		{B1CFA448-F5C6-4FCE-B7F4-78F8BDB893E3}.Debug|Any CPU.Build.0 = Debug|Any CPU
		{B1CFA448-F5C6-4FCE-B7F4-78F8BDB893E3}.Release|Any CPU.ActiveCfg = Release|Any CPU
		{B1CFA448-F5C6-4FCE-B7F4-78F8BDB893E3}.Release|Any CPU.Build.0 = Release|Any CPU
	EndGlobalSection
	GlobalSection(SolutionProperties) = preSolution
		HideSolutionNode = FALSE
	EndGlobalSection
	GlobalSection(ExtensibilityGlobals) = postSolution
		SolutionGuid = {134E3F01-CB96-4D86-80D3-205A2ADCEBC8}
	EndGlobalSection
EndGlobal
